{
  "name": "blubba",
  "version": "5.2.5",
  "lockfileVersion": 1,
  "requires": true,
  "dependencies": {
    "node-gzip": {
      "version": "1.1.2",
      "resolved": "https://registry.npmjs.org/node-gzip/-/node-gzip-1.1.2.tgz",
      "integrity": "sha512-ZB6zWpfZHGtxZnPMrJSKHVPrRjURoUzaDbLFj3VO70mpLTW5np96vXyHwft4Id0o+PYIzgDkBUjIzaNHhQ8srw=="
    }
  }
}
